// !$*UTF8*$!
{
	archiveVersion = 1;
	classes = {
	};
	objectVersion = 55;
	objects = {

/* Begin PBXBuildFile section */
		A020C94927F8C1A30035E938 /* ScrumdingerApp.swift in Sources */ = {isa = PBXBuildFile; fileRef = A020C94827F8C1A30035E938 /* ScrumdingerApp.swift */; };
		A020C94B27F8C1A30035E938 /* MeetingView.swift in Sources */ = {isa = PBXBuildFile; fileRef = A020C94A27F8C1A30035E938 /* MeetingView.swift */; };
		A020C94D27F8C1A40035E938 /* Assets.xcassets in Resources */ = {isa = PBXBuildFile; fileRef = A020C94C27F8C1A40035E938 /* Assets.xcassets */; };
		A020C95027F8C1A40035E938 /* Preview Assets.xcassets in Resources */ = {isa = PBXBuildFile; fileRef = A020C94F27F8C1A40035E938 /* Preview Assets.xcassets */; };
		A020C95A27F8C1A40035E938 /* ScrumdingerTests.swift in Sources */ = {isa = PBXBuildFile; fileRef = A020C95927F8C1A40035E938 /* ScrumdingerTests.swift */; };
		A020C96427F8C1A50035E938 /* ScrumdingerUITests.swift in Sources */ = {isa = PBXBuildFile; fileRef = A020C96327F8C1A50035E938 /* ScrumdingerUITests.swift */; };
		A020C96627F8C1A50035E938 /* ScrumdingerUITestsLaunchTests.swift in Sources */ = {isa = PBXBuildFile; fileRef = A020C96527F8C1A50035E938 /* ScrumdingerUITestsLaunchTests.swift */; };
		A3A95023DA33DBE149912C76 /* Theme.swift in Sources */ = {isa = PBXBuildFile; fileRef = A3A953F96A6F7E9348D3AE7E /* Theme.swift */; };
		A3A95338E970E05ED8B1143F /* CardView.swift in Sources */ = {isa = PBXBuildFile; fileRef = A3A95F97C13C9D2D415469DA /* CardView.swift */; };
		A3A95465E32C6B08E61C1662 /* ScrumsView.swift in Sources */ = {isa = PBXBuildFile; fileRef = A3A95F610CCE70C899FDD0CF /* ScrumsView.swift */; };
		A3A9567EE2327C67F90C3858 /* DailyScrum.swift in Sources */ = {isa = PBXBuildFile; fileRef = A3A95A9D5E6E02FF5B83EDC7 /* DailyScrum.swift */; };
		A3A95C012DC77584F93C7A2D /* DetailView.swift in Sources */ = {isa = PBXBuildFile; fileRef = A3A95757532AD51C27DC64D6 /* DetailView.swift */; };
		A3A95C142D83778DC3369473 /* TrailingIconLabelStyle.swift in Sources */ = {isa = PBXBuildFile; fileRef = A3A9567B7940DE627233A55A /* TrailingIconLabelStyle.swift */; };
/* End PBXBuildFile section */

/* Begin PBXContainerItemProxy section */
		A020C95627F8C1A40035E938 /* PBXContainerItemProxy */ = {
			isa = PBXContainerItemProxy;
			containerPortal = A020C93D27F8C1A30035E938 /* Project object */;
			proxyType = 1;
			remoteGlobalIDString = A020C94427F8C1A30035E938;
			remoteInfo = Scrumdinger;
		};
		A020C96027F8C1A50035E938 /* PBXContainerItemProxy */ = {
			isa = PBXContainerItemProxy;
			containerPortal = A020C93D27F8C1A30035E938 /* Project object */;
			proxyType = 1;
			remoteGlobalIDString = A020C94427F8C1A30035E938;
			remoteInfo = Scrumdinger;
		};
/* End PBXContainerItemProxy section */

/* Begin PBXFileReference section */
		A020C94527F8C1A30035E938 /* Scrumdinger.app */ = {isa = PBXFileReference; explicitFileType = wrapper.application; includeInIndex = 0; path = Scrumdinger.app; sourceTree = BUILT_PRODUCTS_DIR; };
		A020C94827F8C1A30035E938 /* ScrumdingerApp.swift */ = {isa = PBXFileReference; lastKnownFileType = sourcecode.swift; path = ScrumdingerApp.swift; sourceTree = "<group>"; };
		A020C94A27F8C1A30035E938 /* MeetingView.swift */ = {isa = PBXFileReference; lastKnownFileType = sourcecode.swift; path = MeetingView.swift; sourceTree = "<group>"; };
		A020C94C27F8C1A40035E938 /* Assets.xcassets */ = {isa = PBXFileReference; lastKnownFileType = folder.assetcatalog; path = Assets.xcassets; sourceTree = "<group>"; };
		A020C94F27F8C1A40035E938 /* Preview Assets.xcassets */ = {isa = PBXFileReference; lastKnownFileType = folder.assetcatalog; path = "Preview Assets.xcassets"; sourceTree = "<group>"; };
		A020C95527F8C1A40035E938 /* ScrumdingerTests.xctest */ = {isa = PBXFileReference; explicitFileType = wrapper.cfbundle; includeInIndex = 0; path = ScrumdingerTests.xctest; sourceTree = BUILT_PRODUCTS_DIR; };
		A020C95927F8C1A40035E938 /* ScrumdingerTests.swift */ = {isa = PBXFileReference; lastKnownFileType = sourcecode.swift; path = ScrumdingerTests.swift; sourceTree = "<group>"; };
		A020C95F27F8C1A50035E938 /* ScrumdingerUITests.xctest */ = {isa = PBXFileReference; explicitFileType = wrapper.cfbundle; includeInIndex = 0; path = ScrumdingerUITests.xctest; sourceTree = BUILT_PRODUCTS_DIR; };
		A020C96327F8C1A50035E938 /* ScrumdingerUITests.swift */ = {isa = PBXFileReference; lastKnownFileType = sourcecode.swift; path = ScrumdingerUITests.swift; sourceTree = "<group>"; };
		A020C96527F8C1A50035E938 /* ScrumdingerUITestsLaunchTests.swift */ = {isa = PBXFileReference; lastKnownFileType = sourcecode.swift; path = ScrumdingerUITestsLaunchTests.swift; sourceTree = "<group>"; };
		A3A953F96A6F7E9348D3AE7E /* Theme.swift */ = {isa = PBXFileReference; fileEncoding = 4; lastKnownFileType = sourcecode.swift; name = Theme.swift; path = models/Theme.swift; sourceTree = "<group>"; };
		A3A9567B7940DE627233A55A /* TrailingIconLabelStyle.swift */ = {isa = PBXFileReference; fileEncoding = 4; lastKnownFileType = sourcecode.swift; path = TrailingIconLabelStyle.swift; sourceTree = "<group>"; };
		A3A95757532AD51C27DC64D6 /* DetailView.swift */ = {isa = PBXFileReference; fileEncoding = 4; lastKnownFileType = sourcecode.swift; path = DetailView.swift; sourceTree = "<group>"; };
		A3A95A9D5E6E02FF5B83EDC7 /* DailyScrum.swift */ = {isa = PBXFileReference; fileEncoding = 4; lastKnownFileType = sourcecode.swift; name = DailyScrum.swift; path = models/DailyScrum.swift; sourceTree = "<group>"; };
		A3A95F610CCE70C899FDD0CF /* ScrumsView.swift */ = {isa = PBXFileReference; fileEncoding = 4; lastKnownFileType = sourcecode.swift; path = ScrumsView.swift; sourceTree = "<group>"; };
		A3A95F97C13C9D2D415469DA /* CardView.swift */ = {isa = PBXFileReference; fileEncoding = 4; lastKnownFileType = sourcecode.swift; path = CardView.swift; sourceTree = "<group>"; };
/* End PBXFileReference section */

/* Begin PBXFrameworksBuildPhase section */
		A020C94227F8C1A30035E938 /* Frameworks */ = {
			isa = PBXFrameworksBuildPhase;
			buildActionMask = 2147483647;
			files = (
			);
			runOnlyForDeploymentPostprocessing = 0;
		};
		A020C95227F8C1A40035E938 /* Frameworks */ = {
			isa = PBXFrameworksBuildPhase;
			buildActionMask = 2147483647;
			files = (
			);
			runOnlyForDeploymentPostprocessing = 0;
		};
		A020C95C27F8C1A50035E938 /* Frameworks */ = {
			isa = PBXFrameworksBuildPhase;
			buildActionMask = 2147483647;
			files = (
			);
			runOnlyForDeploymentPostprocessing = 0;
		};
/* End PBXFrameworksBuildPhase section */

/* Begin PBXGroup section */
		A020C93C27F8C1A30035E938 = {
			isa = PBXGroup;
			children = (
				A020C94727F8C1A30035E938 /* Scrumdinger */,
				A020C95827F8C1A40035E938 /* ScrumdingerTests */,
				A020C96227F8C1A50035E938 /* ScrumdingerUITests */,
				A020C94627F8C1A30035E938 /* Products */,
			);
			sourceTree = "<group>";
		};
		A020C94627F8C1A30035E938 /* Products */ = {
			isa = PBXGroup;
			children = (
				A020C94527F8C1A30035E938 /* Scrumdinger.app */,
				A020C95527F8C1A40035E938 /* ScrumdingerTests.xctest */,
				A020C95F27F8C1A50035E938 /* ScrumdingerUITests.xctest */,
			);
			name = Products;
			sourceTree = "<group>";
		};
		A020C94727F8C1A30035E938 /* Scrumdinger */ = {
			isa = PBXGroup;
			children = (
				A020C94827F8C1A30035E938 /* ScrumdingerApp.swift */,
				A020C94A27F8C1A30035E938 /* MeetingView.swift */,
				A020C94C27F8C1A40035E938 /* Assets.xcassets */,
				A020C94E27F8C1A40035E938 /* Preview Content */,
				A3A953F96A6F7E9348D3AE7E /* Theme.swift */,
				A3A95A9D5E6E02FF5B83EDC7 /* DailyScrum.swift */,
				A3A95F97C13C9D2D415469DA /* CardView.swift */,
				A3A95F610CCE70C899FDD0CF /* ScrumsView.swift */,
				A3A9567B7940DE627233A55A /* TrailingIconLabelStyle.swift */,
				A3A95757532AD51C27DC64D6 /* DetailView.swift */,
			);
			path = Scrumdinger;
			sourceTree = "<group>";
		};
		A020C94E27F8C1A40035E938 /* Preview Content */ = {
			isa = PBXGroup;
			children = (
				A020C94F27F8C1A40035E938 /* Preview Assets.xcassets */,
			);
			path = "Preview Content";
			sourceTree = "<group>";
		};
		A020C95827F8C1A40035E938 /* ScrumdingerTests */ = {
			isa = PBXGroup;
			children = (
				A020C95927F8C1A40035E938 /* ScrumdingerTests.swift */,
			);
			path = ScrumdingerTests;
			sourceTree = "<group>";
		};
		A020C96227F8C1A50035E938 /* ScrumdingerUITests */ = {
			isa = PBXGroup;
			children = (
				A020C96327F8C1A50035E938 /* ScrumdingerUITests.swift */,
				A020C96527F8C1A50035E938 /* ScrumdingerUITestsLaunchTests.swift */,
			);
			path = ScrumdingerUITests;
			sourceTree = "<group>";
		};
/* End PBXGroup section */

/* Begin PBXNativeTarget section */
		A020C94427F8C1A30035E938 /* Scrumdinger */ = {
			isa = PBXNativeTarget;
			buildConfigurationList = A020C96927F8C1A50035E938 /* Build configuration list for PBXNativeTarget "Scrumdinger" */;
			buildPhases = (
				A020C94127F8C1A30035E938 /* Sources */,
				A020C94227F8C1A30035E938 /* Frameworks */,
				A020C94327F8C1A30035E938 /* Resources */,
			);
			buildRules = (
			);
			dependencies = (
			);
			name = Scrumdinger;
			productName = Scrumdinger;
			productReference = A020C94527F8C1A30035E938 /* Scrumdinger.app */;
			productType = "com.apple.product-type.application";
		};
		A020C95427F8C1A40035E938 /* ScrumdingerTests */ = {
			isa = PBXNativeTarget;
			buildConfigurationList = A020C96C27F8C1A50035E938 /* Build configuration list for PBXNativeTarget "ScrumdingerTests" */;
			buildPhases = (
				A020C95127F8C1A40035E938 /* Sources */,
				A020C95227F8C1A40035E938 /* Frameworks */,
				A020C95327F8C1A40035E938 /* Resources */,
			);
			buildRules = (
			);
			dependencies = (
				A020C95727F8C1A40035E938 /* PBXTargetDependency */,
			);
			name = ScrumdingerTests;
			productName = ScrumdingerTests;
			productReference = A020C95527F8C1A40035E938 /* ScrumdingerTests.xctest */;
			productType = "com.apple.product-type.bundle.unit-test";
		};
		A020C95E27F8C1A50035E938 /* ScrumdingerUITests */ = {
			isa = PBXNativeTarget;
			buildConfigurationList = A020C96F27F8C1A50035E938 /* Build configuration list for PBXNativeTarget "ScrumdingerUITests" */;
			buildPhases = (
				A020C95B27F8C1A50035E938 /* Sources */,
				A020C95C27F8C1A50035E938 /* Frameworks */,
				A020C95D27F8C1A50035E938 /* Resources */,
			);
			buildRules = (
			);
			dependencies = (
				A020C96127F8C1A50035E938 /* PBXTargetDependency */,
			);
			name = ScrumdingerUITests;
			productName = ScrumdingerUITests;
			productReference = A020C95F27F8C1A50035E938 /* ScrumdingerUITests.xctest */;
			productType = "com.apple.product-type.bundle.ui-testing";
		};
/* End PBXNativeTarget section */

/* Begin PBXProject section */
		A020C93D27F8C1A30035E938 /* Project object */ = {
			isa = PBXProject;
			attributes = {
				BuildIndependentTargetsInParallel = 1;
				LastSwiftUpdateCheck = 1330;
				LastUpgradeCheck = 1330;
				TargetAttributes = {
					A020C94427F8C1A30035E938 = {
						CreatedOnToolsVersion = 13.3;
					};
					A020C95427F8C1A40035E938 = {
						CreatedOnToolsVersion = 13.3;
						TestTargetID = A020C94427F8C1A30035E938;
					};
					A020C95E27F8C1A50035E938 = {
						CreatedOnToolsVersion = 13.3;
						TestTargetID = A020C94427F8C1A30035E938;
					};
				};
			};
			buildConfigurationList = A020C94027F8C1A30035E938 /* Build configuration list for PBXProject "Scrumdinger" */;
			compatibilityVersion = "Xcode 13.0";
			developmentRegion = en;
			hasScannedForEncodings = 0;
			knownRegions = (
				en,
				Base,
			);
			mainGroup = A020C93C27F8C1A30035E938;
			productRefGroup = A020C94627F8C1A30035E938 /* Products */;
			projectDirPath = "";
			projectRoot = "";
			targets = (
				A020C94427F8C1A30035E938 /* Scrumdinger */,
				A020C95427F8C1A40035E938 /* ScrumdingerTests */,
				A020C95E27F8C1A50035E938 /* ScrumdingerUITests */,
			);
		};
/* End PBXProject section */

/* Begin PBXResourcesBuildPhase section */
		A020C94327F8C1A30035E938 /* Resources */ = {
			isa = PBXResourcesBuildPhase;
			buildActionMask = 2147483647;
			files = (
				A020C95027F8C1A40035E938 /* Preview Assets.xcassets in Resources */,
				A020C94D27F8C1A40035E938 /* Assets.xcassets in Resources */,
			);
			runOnlyForDeploymentPostprocessing = 0;
		};
		A020C95327F8C1A40035E938 /* Resources */ = {
			isa = PBXResourcesBuildPhase;
			buildActionMask = 2147483647;
			files = (
			);
			runOnlyForDeploymentPostprocessing = 0;
		};
		A020C95D27F8C1A50035E938 /* Resources */ = {
			isa = PBXResourcesBuildPhase;
			buildActionMask = 2147483647;
			files = (
			);
			runOnlyForDeploymentPostprocessing = 0;
		};
/* End PBXResourcesBuildPhase section */

/* Begin PBXSourcesBuildPhase section */
		A020C94127F8C1A30035E938 /* Sources */ = {
			isa = PBXSourcesBuildPhase;
			buildActionMask = 2147483647;
			files = (
				A020C94B27F8C1A30035E938 /* MeetingView.swift in Sources */,
				A020C94927F8C1A30035E938 /* ScrumdingerApp.swift in Sources */,
				A3A95023DA33DBE149912C76 /* Theme.swift in Sources */,
				A3A9567EE2327C67F90C3858 /* DailyScrum.swift in Sources */,
				A3A95338E970E05ED8B1143F /* CardView.swift in Sources */,
				A3A95465E32C6B08E61C1662 /* ScrumsView.swift in Sources */,
				A3A95C142D83778DC3369473 /* TrailingIconLabelStyle.swift in Sources */,
				A3A95C012DC77584F93C7A2D /* DetailView.swift in Sources */,
			);
			runOnlyForDeploymentPostprocessing = 0;
		};
		A020C95127F8C1A40035E938 /* Sources */ = {
			isa = PBXSourcesBuildPhase;
			buildActionMask = 2147483647;
			files = (
				A020C95A27F8C1A40035E938 /* ScrumdingerTests.swift in Sources */,
			);
			runOnlyForDeploymentPostprocessing = 0;
		};
		A020C95B27F8C1A50035E938 /* Sources */ = {
			isa = PBXSourcesBuildPhase;
			buildActionMask = 2147483647;
			files = (
				A020C96627F8C1A50035E938 /* ScrumdingerUITestsLaunchTests.swift in Sources */,
				A020C96427F8C1A50035E938 /* ScrumdingerUITests.swift in Sources */,
			);
			runOnlyForDeploymentPostprocessing = 0;
		};
/* End PBXSourcesBuildPhase section */

/* Begin PBXTargetDependency section */
		A020C95727F8C1A40035E938 /* PBXTargetDependency */ = {
			isa = PBXTargetDependency;
			target = A020C94427F8C1A30035E938 /* Scrumdinger */;
			targetProxy = A020C95627F8C1A40035E938 /* PBXContainerItemProxy */;
		};
		A020C96127F8C1A50035E938 /* PBXTargetDependency */ = {
			isa = PBXTargetDependency;
			target = A020C94427F8C1A30035E938 /* Scrumdinger */;
			targetProxy = A020C96027F8C1A50035E938 /* PBXContainerItemProxy */;
		};
/* End PBXTargetDependency section */

/* Begin XCBuildConfiguration section */
		A020C96727F8C1A50035E938 /* Debug */ = {
			isa = XCBuildConfiguration;
			buildSettings = {
				ALWAYS_SEARCH_USER_PATHS = NO;
				CLANG_ANALYZER_NONNULL = YES;
				CLANG_ANALYZER_NUMBER_OBJECT_CONVERSION = YES_AGGRESSIVE;
				CLANG_CXX_LANGUAGE_STANDARD = "gnu++17";
				CLANG_ENABLE_MODULES = YES;
				CLANG_ENABLE_OBJC_ARC = YES;
				CLANG_ENABLE_OBJC_WEAK = YES;
				CLANG_WARN_BLOCK_CAPTURE_AUTORELEASING = YES;
				CLANG_WARN_BOOL_CONVERSION = YES;
				CLANG_WARN_COMMA = YES;
				CLANG_WARN_CONSTANT_CONVERSION = YES;
				CLANG_WARN_DEPRECATED_OBJC_IMPLEMENTATIONS = YES;
				CLANG_WARN_DIRECT_OBJC_ISA_USAGE = YES_ERROR;
				CLANG_WARN_DOCUMENTATION_COMMENTS = YES;
				CLANG_WARN_EMPTY_BODY = YES;
				CLANG_WARN_ENUM_CONVERSION = YES;
				CLANG_WARN_INFINITE_RECURSION = YES;
				CLANG_WARN_INT_CONVERSION = YES;
				CLANG_WARN_NON_LITERAL_NULL_CONVERSION = YES;
				CLANG_WARN_OBJC_IMPLICIT_RETAIN_SELF = YES;
				CLANG_WARN_OBJC_LITERAL_CONVERSION = YES;
				CLANG_WARN_OBJC_ROOT_CLASS = YES_ERROR;
				CLANG_WARN_QUOTED_INCLUDE_IN_FRAMEWORK_HEADER = YES;
				CLANG_WARN_RANGE_LOOP_ANALYSIS = YES;
				CLANG_WARN_STRICT_PROTOTYPES = YES;
				CLANG_WARN_SUSPICIOUS_MOVE = YES;
				CLANG_WARN_UNGUARDED_AVAILABILITY = YES_AGGRESSIVE;
				CLANG_WARN_UNREACHABLE_CODE = YES;
				CLANG_WARN__DUPLICATE_METHOD_MATCH = YES;
				COPY_PHASE_STRIP = NO;
				DEBUG_INFORMATION_FORMAT = dwarf;
				ENABLE_STRICT_OBJC_MSGSEND = YES;
				ENABLE_TESTABILITY = YES;
				GCC_C_LANGUAGE_STANDARD = gnu11;
				GCC_DYNAMIC_NO_PIC = NO;
				GCC_NO_COMMON_BLOCKS = YES;
				GCC_OPTIMIZATION_LEVEL = 0;
				GCC_PREPROCESSOR_DEFINITIONS = (
					"DEBUG=1",
					"$(inherited)",
				);
				GCC_WARN_64_TO_32_BIT_CONVERSION = YES;
				GCC_WARN_ABOUT_RETURN_TYPE = YES_ERROR;
				GCC_WARN_UNDECLARED_SELECTOR = YES;
				GCC_WARN_UNINITIALIZED_AUTOS = YES_AGGRESSIVE;
				GCC_WARN_UNUSED_FUNCTION = YES;
				GCC_WARN_UNUSED_VARIABLE = YES;
				IPHONEOS_DEPLOYMENT_TARGET = 15.4;
				MTL_ENABLE_DEBUG_INFO = INCLUDE_SOURCE;
				MTL_FAST_MATH = YES;
				ONLY_ACTIVE_ARCH = YES;
				SDKROOT = iphoneos;
				SWIFT_ACTIVE_COMPILATION_CONDITIONS = DEBUG;
				SWIFT_OPTIMIZATION_LEVEL = "-Onone";
			};
			name = Debug;
		};
		A020C96827F8C1A50035E938 /* Release */ = {
			isa = XCBuildConfiguration;
			buildSettings = {
				ALWAYS_SEARCH_USER_PATHS = NO;
				CLANG_ANALYZER_NONNULL = YES;
				CLANG_ANALYZER_NUMBER_OBJECT_CONVERSION = YES_AGGRESSIVE;
				CLANG_CXX_LANGUAGE_STANDARD = "gnu++17";
				CLANG_ENABLE_MODULES = YES;
				CLANG_ENABLE_OBJC_ARC = YES;
				CLANG_ENABLE_OBJC_WEAK = YES;
				CLANG_WARN_BLOCK_CAPTURE_AUTORELEASING = YES;
				CLANG_WARN_BOOL_CONVERSION = YES;
				CLANG_WARN_COMMA = YES;
				CLANG_WARN_CONSTANT_CONVERSION = YES;
				CLANG_WARN_DEPRECATED_OBJC_IMPLEMENTATIONS = YES;
				CLANG_WARN_DIRECT_OBJC_ISA_USAGE = YES_ERROR;
				CLANG_WARN_DOCUMENTATION_COMMENTS = YES;
				CLANG_WARN_EMPTY_BODY = YES;
				CLANG_WARN_ENUM_CONVERSION = YES;
				CLANG_WARN_INFINITE_RECURSION = YES;
				CLANG_WARN_INT_CONVERSION = YES;
				CLANG_WARN_NON_LITERAL_NULL_CONVERSION = YES;
				CLANG_WARN_OBJC_IMPLICIT_RETAIN_SELF = YES;
				CLANG_WARN_OBJC_LITERAL_CONVERSION = YES;
				CLANG_WARN_OBJC_ROOT_CLASS = YES_ERROR;
				CLANG_WARN_QUOTED_INCLUDE_IN_FRAMEWORK_HEADER = YES;
				CLANG_WARN_RANGE_LOOP_ANALYSIS = YES;
				CLANG_WARN_STRICT_PROTOTYPES = YES;
				CLANG_WARN_SUSPICIOUS_MOVE = YES;
				CLANG_WARN_UNGUARDED_AVAILABILITY = YES_AGGRESSIVE;
				CLANG_WARN_UNREACHABLE_CODE = YES;
				CLANG_WARN__DUPLICATE_METHOD_MATCH = YES;
				COPY_PHASE_STRIP = NO;
				DEBUG_INFORMATION_FORMAT = "dwarf-with-dsym";
				ENABLE_NS_ASSERTIONS = NO;
				ENABLE_STRICT_OBJC_MSGSEND = YES;
				GCC_C_LANGUAGE_STANDARD = gnu11;
				GCC_NO_COMMON_BLOCKS = YES;
				GCC_WARN_64_TO_32_BIT_CONVERSION = YES;
				GCC_WARN_ABOUT_RETURN_TYPE = YES_ERROR;
				GCC_WARN_UNDECLARED_SELECTOR = YES;
				GCC_WARN_UNINITIALIZED_AUTOS = YES_AGGRESSIVE;
				GCC_WARN_UNUSED_FUNCTION = YES;
				GCC_WARN_UNUSED_VARIABLE = YES;
				IPHONEOS_DEPLOYMENT_TARGET = 15.4;
				MTL_ENABLE_DEBUG_INFO = NO;
				MTL_FAST_MATH = YES;
				SDKROOT = iphoneos;
				SWIFT_COMPILATION_MODE = wholemodule;
				SWIFT_OPTIMIZATION_LEVEL = "-O";
				VALIDATE_PRODUCT = YES;
			};
			name = Release;
		};
		A020C96A27F8C1A50035E938 /* Debug */ = {
			isa = XCBuildConfiguration;
			buildSettings = {
				ASSETCATALOG_COMPILER_APPICON_NAME = AppIcon;
				ASSETCATALOG_COMPILER_GLOBAL_ACCENT_COLOR_NAME = AccentColor;
				CODE_SIGN_STYLE = Automatic;
				CURRENT_PROJECT_VERSION = 1;
				DEVELOPMENT_ASSET_PATHS = "\"Scrumdinger/Preview Content\"";
				ENABLE_PREVIEWS = YES;
				GENERATE_INFOPLIST_FILE = YES;
				INFOPLIST_KEY_UIApplicationSceneManifest_Generation = YES;
				INFOPLIST_KEY_UIApplicationSupportsIndirectInputEvents = YES;
				INFOPLIST_KEY_UILaunchScreen_Generation = YES;
				INFOPLIST_KEY_UISupportedInterfaceOrientations_iPad = "UIInterfaceOrientationPortrait UIInterfaceOrientationPortraitUpsideDown UIInterfaceOrientationLandscapeLeft UIInterfaceOrientationLandscapeRight";
				INFOPLIST_KEY_UISupportedInterfaceOrientations_iPhone = "UIInterfaceOrientationPortrait UIInterfaceOrientationLandscapeLeft UIInterfaceOrientationLandscapeRight";
				LD_RUNPATH_SEARCH_PATHS = (
					"$(inherited)",
					"@executable_path/Frameworks",
				);
				MARKETING_VERSION = 1.0;
				PRODUCT_BUNDLE_IDENTIFIER = com.pancaldim.Scrumdinger;
				PRODUCT_NAME = "$(TARGET_NAME)";
				SWIFT_EMIT_LOC_STRINGS = YES;
				SWIFT_VERSION = 5.0;
				TARGETED_DEVICE_FAMILY = "1,2";
			};
			name = Debug;
		};
		A020C96B27F8C1A50035E938 /* Release */ = {
			isa = XCBuildConfiguration;
			buildSettings = {
				ASSETCATALOG_COMPILER_APPICON_NAME = AppIcon;
				ASSETCATALOG_COMPILER_GLOBAL_ACCENT_COLOR_NAME = AccentColor;
				CODE_SIGN_STYLE = Automatic;
				CURRENT_PROJECT_VERSION = 1;
				DEVELOPMENT_ASSET_PATHS = "\"Scrumdinger/Preview Content\"";
				ENABLE_PREVIEWS = YES;
				GENERATE_INFOPLIST_FILE = YES;
				INFOPLIST_KEY_UIApplicationSceneManifest_Generation = YES;
				INFOPLIST_KEY_UIApplicationSupportsIndirectInputEvents = YES;
				INFOPLIST_KEY_UILaunchScreen_Generation = YES;
				INFOPLIST_KEY_UISupportedInterfaceOrientations_iPad = "UIInterfaceOrientationPortrait UIInterfaceOrientationPortraitUpsideDown UIInterfaceOrientationLandscapeLeft UIInterfaceOrientationLandscapeRight";
				INFOPLIST_KEY_UISupportedInterfaceOrientations_iPhone = "UIInterfaceOrientationPortrait UIInterfaceOrientationLandscapeLeft UIInterfaceOrientationLandscapeRight";
				LD_RUNPATH_SEARCH_PATHS = (
					"$(inherited)",
					"@executable_path/Frameworks",
				);
				MARKETING_VERSION = 1.0;
				PRODUCT_BUNDLE_IDENTIFIER = com.pancaldim.Scrumdinger;
				PRODUCT_NAME = "$(TARGET_NAME)";
				SWIFT_EMIT_LOC_STRINGS = YES;
				SWIFT_VERSION = 5.0;
				TARGETED_DEVICE_FAMILY = "1,2";
			};
			name = Release;
		};
		A020C96D27F8C1A50035E938 /* Debug */ = {
			isa = XCBuildConfiguration;
			buildSettings = {
				ALWAYS_EMBED_SWIFT_STANDARD_LIBRARIES = YES;
				BUNDLE_LOADER = "$(TEST_HOST)";
				CODE_SIGN_STYLE = Automatic;
				CURRENT_PROJECT_VERSION = 1;
				GENERATE_INFOPLIST_FILE = YES;
				IPHONEOS_DEPLOYMENT_TARGET = 15.4;
				MARKETING_VERSION = 1.0;
				PRODUCT_BUNDLE_IDENTIFIER = com.pancaldim.ScrumdingerTests;
				PRODUCT_NAME = "$(TARGET_NAME)";
				SWIFT_EMIT_LOC_STRINGS = NO;
				SWIFT_VERSION = 5.0;
				TARGETED_DEVICE_FAMILY = "1,2";
				TEST_HOST = "$(BUILT_PRODUCTS_DIR)/Scrumdinger.app/Scrumdinger";
			};
			name = Debug;
		};
		A020C96E27F8C1A50035E938 /* Release */ = {
			isa = XCBuildConfiguration;
			buildSettings = {
				ALWAYS_EMBED_SWIFT_STANDARD_LIBRARIES = YES;
				BUNDLE_LOADER = "$(TEST_HOST)";
				CODE_SIGN_STYLE = Automatic;
				CURRENT_PROJECT_VERSION = 1;
				GENERATE_INFOPLIST_FILE = YES;
				IPHONEOS_DEPLOYMENT_TARGET = 15.4;
				MARKETING_VERSION = 1.0;
				PRODUCT_BUNDLE_IDENTIFIER = com.pancaldim.ScrumdingerTests;
				PRODUCT_NAME = "$(TARGET_NAME)";
				SWIFT_EMIT_LOC_STRINGS = NO;
				SWIFT_VERSION = 5.0;
				TARGETED_DEVICE_FAMILY = "1,2";
				TEST_HOST = "$(BUILT_PRODUCTS_DIR)/Scrumdinger.app/Scrumdinger";
			};
			name = Release;
		};
		A020C97027F8C1A50035E938 /* Debug */ = {
			isa = XCBuildConfiguration;
			buildSettings = {
				ALWAYS_EMBED_SWIFT_STANDARD_LIBRARIES = YES;
				CODE_SIGN_STYLE = Automatic;
				CURRENT_PROJECT_VERSION = 1;
				GENERATE_INFOPLIST_FILE = YES;
				MARKETING_VERSION = 1.0;
				PRODUCT_BUNDLE_IDENTIFIER = com.pancaldim.ScrumdingerUITests;
				PRODUCT_NAME = "$(TARGET_NAME)";
				SWIFT_EMIT_LOC_STRINGS = NO;
				SWIFT_VERSION = 5.0;
				TARGETED_DEVICE_FAMILY = "1,2";
				TEST_TARGET_NAME = Scrumdinger;
			};
			name = Debug;
		};
		A020C97127F8C1A50035E938 /* Release */ = {
			isa = XCBuildConfiguration;
			buildSettings = {
				ALWAYS_EMBED_SWIFT_STANDARD_LIBRARIES = YES;
				CODE_SIGN_STYLE = Automatic;
				CURRENT_PROJECT_VERSION = 1;
				GENERATE_INFOPLIST_FILE = YES;
				MARKETING_VERSION = 1.0;
				PRODUCT_BUNDLE_IDENTIFIER = com.pancaldim.ScrumdingerUITests;
				PRODUCT_NAME = "$(TARGET_NAME)";
				SWIFT_EMIT_LOC_STRINGS = NO;
				SWIFT_VERSION = 5.0;
				TARGETED_DEVICE_FAMILY = "1,2";
				TEST_TARGET_NAME = Scrumdinger;
			};
			name = Release;
		};
/* End XCBuildConfiguration section */

/* Begin XCConfigurationList section */
		A020C94027F8C1A30035E938 /* Build configuration list for PBXProject "Scrumdinger" */ = {
			isa = XCConfigurationList;
			buildConfigurations = (
				A020C96727F8C1A50035E938 /* Debug */,
				A020C96827F8C1A50035E938 /* Release */,
			);
			defaultConfigurationIsVisible = 0;
			defaultConfigurationName = Release;
		};
		A020C96927F8C1A50035E938 /* Build configuration list for PBXNativeTarget "Scrumdinger" */ = {
			isa = XCConfigurationList;
			buildConfigurations = (
				A020C96A27F8C1A50035E938 /* Debug */,
				A020C96B27F8C1A50035E938 /* Release */,
			);
			defaultConfigurationIsVisible = 0;
			defaultConfigurationName = Release;
		};
		A020C96C27F8C1A50035E938 /* Build configuration list for PBXNativeTarget "ScrumdingerTests" */ = {
			isa = XCConfigurationList;
			buildConfigurations = (
				A020C96D27F8C1A50035E938 /* Debug */,
				A020C96E27F8C1A50035E938 /* Release */,
			);
			defaultConfigurationIsVisible = 0;
			defaultConfigurationName = Release;
		};
		A020C96F27F8C1A50035E938 /* Build configuration list for PBXNativeTarget "ScrumdingerUITests" */ = {
			isa = XCConfigurationList;
			buildConfigurations = (
				A020C97027F8C1A50035E938 /* Debug */,
				A020C97127F8C1A50035E938 /* Release */,
			);
			defaultConfigurationIsVisible = 0;
			defaultConfigurationName = Release;
		};
/* End XCConfigurationList section */
	};
	rootObject = A020C93D27F8C1A30035E938 /* Project object */;
}
